{
  "lockfile-version": 1,
  "manifest": {
    "schema-version": "1.12.0",
    "install": {
      "fzf": {
        "pkg-path": "fzf"
      },
      "lsd": {
        "pkg-path": "lsd"
      },
      "oh-my-posh": {
        "pkg-path": "oh-my-posh"
      },
      "ripgrep": {
        "pkg-path": "ripgrep"
      },
      "tig": {
        "pkg-path": "tig"
      },
      "tmux": {
        "pkg-path": "tmux"
      },
      "zoxide": {
        "pkg-path": "zoxide"
      }
    },
    "hook": {},
    "profile": {},
    "options": {}
  },
  "packages": [
    {
      "attr_path": "fzf",
      "broken": false,
      "derivation": "/nix/store/jlk7kq5v8f2jsbl9gwjxjn7yvbhfcfgf-fzf-0.72.0.drv",
      "description": "Command-line fuzzy finder written in Go",
      "install_id": "fzf",
      "license": "MIT",
      "locked_url": "https://github.com/flox/nixpkgs?rev=64c08a7ca051951c8eae34e3e3cb1e202fe36786",
      "name": "fzf-0.72.0",
      "pname": "fzf",
      "rev": "64c08a7ca051951c8eae34e3e3cb1e202fe36786",
      "rev_count": 1004030,
      "rev_date": "2026-05-23T18:24:25Z",
      "scrape_date": "2026-05-26T07:06:03.719815Z",
      "stabilities": [
        "staging",
        "unstable"
      ],
      "unfree": false,
      "version": "0.72.0",
      "outputs_to_install": [
        "man",
        "out"
      ],
      "outputs": {
        "man": "/nix/store/wv7k1bym6fq1ch6z8q4hvm027jsqga52-fzf-0.72.0-man",
        "out": "/nix/store/klpkfdwjrinnm761d156lhdl0awdl255-fzf-0.72.0"
      },
      "system": "aarch64-darwin",
      "group": "toplevel",
      "priority": 5
    },
    {
      "attr_path": "fzf",
      "broken": false,
      "derivation": "/nix/store/j4931wbd0k0k5p4z2i7wpshcwlxr66z4-fzf-0.72.0.drv",
      "description": "Command-line fuzzy finder written in Go",
      "install_id": "fzf",
      "license": "MIT",
      "locked_url": "https://github.com/flox/nixpkgs?rev=64c08a7ca051951c8eae34e3e3cb1e202fe36786",
      "name": "fzf-0.72.0",
      "pname": "fzf",
      "rev": "64c08a7ca051951c8eae34e3e3cb1e202fe36786",
      "rev_count": 1004030,
      "rev_date": "2026-05-23T18:24:25Z",
      "scrape_date": "2026-05-26T07:34:27.392613Z",
      "stabilities": [
        "staging",
        "unstable"
      ],
      "unfree": false,
      "version": "0.72.0",
      "outputs_to_install": [
        "man",
        "out"
      ],
      "outputs": {
        "man": "/nix/store/81i9a47przi2qmg3plkbimvxhmxy3mh1-fzf-0.72.0-man",
        "out": "/nix/store/k8kshbiklaz6yzmpq106inniwaj63wsd-fzf-0.72.0"
      },
      "system": "aarch64-linux",
      "group": "toplevel",
      "priority": 5
    },
    {
      "attr_path": "fzf",
      "broken": false,
      "derivation": "/nix/store/ascjl8iyp132z3sj6daq6s3pywzi5wf6-fzf-0.72.0.drv",
      "description": "Command-line fuzzy finder written in Go",
      "install_id": "fzf",
      "license": "MIT",
      "locked_url": "https://github.com/flox/nixpkgs?rev=64c08a7ca051951c8eae34e3e3cb1e202fe36786",
      "name": "fzf-0.72.0",
      "pname": "fzf",
      "rev": "64c08a7ca051951c8eae34e3e3cb1e202fe36786",
      "rev_count": 1004030,
      "rev_date": "2026-05-23T18:24:25Z",
      "scrape_date": "2026-05-26T08:02:12.905388Z",
      "stabilities": [
        "staging",
        "unstable"
      ],
      "unfree": false,
      "version": "0.72.0",
      "outputs_to_install": [
        "man",
        "out"
      ],
      "outputs": {
        "man": "/nix/store/ba87gn3a044jklgmw3bdhy7hmdb7fg5a-fzf-0.72.0-man",
        "out": "/nix/store/xwx1qd5vxddakglfhazqn4jpis1lbgrq-fzf-0.72.0"
      },
      "system": "x86_64-darwin",
      "group": "toplevel",
      "priority": 5
    },
    {
      "attr_path": "fzf",
      "broken": false,
      "derivation": "/nix/store/49ksfj7b5rr13r9gh2hq6j9fy1knj2bf-fzf-0.72.0.drv",
      "description": "Command-line fuzzy finder written in Go",
      "install_id": "fzf",
      "license": "MIT",
      "locked_url": "https://github.com/flox/nixpkgs?rev=64c08a7ca051951c8eae34e3e3cb1e202fe36786",
      "name": "fzf-0.72.0",
      "pname": "fzf",
      "rev": "64c08a7ca051951c8eae34e3e3cb1e202fe36786",
      "rev_count": 1004030,
      "rev_date": "2026-05-23T18:24:25Z",
      "scrape_date": "2026-05-26T08:32:52.594188Z",
      "stabilities": [
        "staging",
        "unstable"
      ],
      "unfree": false,
      "version": "0.72.0",
      "outputs_to_install": [
        "man",
        "out"
      ],
      "outputs": {
        "man": "/nix/store/zcsdgmqmqa1g2sn7yylp8p68blk02s44-fzf-0.72.0-man",
        "out": "/nix/store/lirvpf107gv5b2aybwn2bns5xs16q9xy-fzf-0.72.0"
      },
      "system": "x86_64-linux",
      "group": "toplevel",
      "priority": 5
    },
    {
      "attr_path": "lsd",
      "broken": false,
      "derivation": "/nix/store/5pwlywazvz3ynggk2r2gpvnchk32jl5l-lsd-1.2.0.drv",
      "description": "Next gen ls command",
      "install_id": "lsd",
      "license": "Apache-2.0",
      "locked_url": "https://github.com/flox/nixpkgs?rev=64c08a7ca051951c8eae34e3e3cb1e202fe36786",
      "name": "lsd-1.2.0",
      "pname": "lsd",
      "rev": "64c08a7ca051951c8eae34e3e3cb1e202fe36786",
      "rev_count": 1004030,
      "rev_date": "2026-05-23T18:24:25Z",
      "scrape_date": "2026-05-26T07:06:23.332450Z",
      "stabilities": [
        "staging",
        "unstable"
      ],
      "unfree": false,
      "version": "1.2.0",
      "outputs_to_install": [
        "out"
      ],
      "outputs": {
        "out": "/nix/store/72crvpanmnbzn8v14flr80pb9nc10ana-lsd-1.2.0"
      },
      "system": "aarch64-darwin",
      "group": "toplevel",
      "priority": 5
    },
    {
      "attr_path": "lsd",
      "broken": false,
      "derivation": "/nix/store/zxwsfcm8cqlqqddy3s3jcj7jigif4pp2-lsd-1.2.0.drv",
      "description": "Next gen ls command",
      "install_id": "lsd",
      "license": "Apache-2.0",
      "locked_url": "https://github.com/flox/nixpkgs?rev=64c08a7ca051951c8eae34e3e3cb1e202fe36786",
      "name": "lsd-1.2.0",
      "pname": "lsd",
      "rev": "64c08a7ca051951c8eae34e3e3cb1e202fe36786",
      "rev_count": 1004030,
      "rev_date": "2026-05-23T18:24:25Z",
      "scrape_date": "2026-05-26T07:34:58.073118Z",
      "stabilities": [
        "staging",
        "unstable"
      ],
      "unfree": false,
      "version": "1.2.0",
      "outputs_to_install": [
        "out"
      ],
      "outputs": {
        "out": "/nix/store/zgh8x25jyp00d4myrkvvzh9dzics1bs0-lsd-1.2.0"
      },
      "system": "aarch64-linux",
      "group": "toplevel",
      "priority": 5
    },
    {
      "attr_path": "lsd",
      "broken": false,
      "derivation": "/nix/store/9q5r1d6r09my4y33hkqhwwyijg2d4shr-lsd-1.2.0.drv",
      "description": "Next gen ls command",
      "install_id": "lsd",
      "license": "Apache-2.0",
      "locked_url": "https://github.com/flox/nixpkgs?rev=64c08a7ca051951c8eae34e3e3cb1e202fe36786",
      "name": "lsd-1.2.0",
      "pname": "lsd",
      "rev": "64c08a7ca051951c8eae34e3e3cb1e202fe36786",
      "rev_count": 1004030,
      "rev_date": "2026-05-23T18:24:25Z",
      "scrape_date": "2026-05-26T08:02:32.236224Z",
      "stabilities": [
        "staging",
        "unstable"
      ],
      "unfree": false,
      "version": "1.2.0",
      "outputs_to_install": [
        "out"
      ],
      "outputs": {
        "out": "/nix/store/i0vs1rsm34g9my3fbdv1w0w3xg4gfcbw-lsd-1.2.0"
      },
      "system": "x86_64-darwin",
      "group": "toplevel",
      "priority": 5
    },
    {
      "attr_path": "lsd",
      "broken": false,
      "derivation": "/nix/store/0a271fr3rbhdnzkkbr07bgbjzs6hacvr-lsd-1.2.0.drv",
      "description": "Next gen ls command",
      "install_id": "lsd",
      "license": "Apache-2.0",
      "locked_url": "https://github.com/flox/nixpkgs?rev=64c08a7ca051951c8eae34e3e3cb1e202fe36786",
      "name": "lsd-1.2.0",
      "pname": "lsd",
      "rev": "64c08a7ca051951c8eae34e3e3cb1e202fe36786",
      "rev_count": 1004030,
      "rev_date": "2026-05-23T18:24:25Z",
      "scrape_date": "2026-05-26T08:33:24.400181Z",
      "stabilities": [
        "staging",
        "unstable"
      ],
      "unfree": false,
      "version": "1.2.0",
      "outputs_to_install": [
        "out"
      ],
      "outputs": {
        "out": "/nix/store/qiylrniwycskbnk9ladmi1nzkb2p5nm8-lsd-1.2.0"
      },
      "system": "x86_64-linux",
      "group": "toplevel",
      "priority": 5
    },
    {
      "attr_path": "oh-my-posh",
      "broken": false,
      "derivation": "/nix/store/wgrwam6vqxawzlcgl7bwpamscr5plvpp-oh-my-posh-29.14.0.drv",
      "description": "Prompt theme engine for any shell",
      "install_id": "oh-my-posh",
      "license": "MIT",
      "locked_url": "https://github.com/flox/nixpkgs?rev=64c08a7ca051951c8eae34e3e3cb1e202fe36786",
      "name": "oh-my-posh-29.14.0",
      "pname": "oh-my-posh",
      "rev": "64c08a7ca051951c8eae34e3e3cb1e202fe36786",
      "rev_count": 1004030,
      "rev_date": "2026-05-23T18:24:25Z",
      "scrape_date": "2026-05-26T07:06:32.755281Z",
      "stabilities": [
        "staging",
        "unstable"
      ],
      "unfree": false,
      "version": "29.14.0",
      "outputs_to_install": [
        "out"
      ],
      "outputs": {
        "out": "/nix/store/m1jlgsj740dgrfy4nhvsnz44allv3483-oh-my-posh-29.14.0"
      },
      "system": "aarch64-darwin",
      "group": "toplevel",
      "priority": 5
    },
    {
      "attr_path": "oh-my-posh",
      "broken": false,
      "derivation": "/nix/store/i368jckip313n81b2vr84c1f6bm8fb5g-oh-my-posh-29.14.0.drv",
      "description": "Prompt theme engine for any shell",
      "install_id": "oh-my-posh",
      "license": "MIT",
      "locked_url": "https://github.com/flox/nixpkgs?rev=64c08a7ca051951c8eae34e3e3cb1e202fe36786",
      "name": "oh-my-posh-29.14.0",
      "pname": "oh-my-posh",
      "rev": "64c08a7ca051951c8eae34e3e3cb1e202fe36786",
      "rev_count": 1004030,
      "rev_date": "2026-05-23T18:24:25Z",
      "scrape_date": "2026-05-26T07:35:12.370998Z",
      "stabilities": [
        "staging",
        "unstable"
      ],
      "unfree": false,
      "version": "29.14.0",
      "outputs_to_install": [
        "out"
      ],
      "outputs": {
        "out": "/nix/store/1nywzxsdkby08n7jcrpsbkp64q1pjr2x-oh-my-posh-29.14.0"
      },
      "system": "aarch64-linux",
      "group": "toplevel",
      "priority": 5
    },
    {
      "attr_path": "oh-my-posh",
      "broken": false,
      "derivation": "/nix/store/c5bs9zbb1jpd715j7nxbm2qw92mw6768-oh-my-posh-29.14.0.drv",
      "description": "Prompt theme engine for any shell",
      "install_id": "oh-my-posh",
      "license": "MIT",
      "locked_url": "https://github.com/flox/nixpkgs?rev=64c08a7ca051951c8eae34e3e3cb1e202fe36786",
      "name": "oh-my-posh-29.14.0",
      "pname": "oh-my-posh",
      "rev": "64c08a7ca051951c8eae34e3e3cb1e202fe36786",
      "rev_count": 1004030,
      "rev_date": "2026-05-23T18:24:25Z",
      "scrape_date": "2026-05-26T08:02:41.541977Z",
      "stabilities": [
        "staging",
        "unstable"
      ],
      "unfree": false,
      "version": "29.14.0",
      "outputs_to_install": [
        "out"
      ],
      "outputs": {
        "out": "/nix/store/v3w70pzqpn40ms9jvj2hvzqsxlhjg10d-oh-my-posh-29.14.0"
      },
      "system": "x86_64-darwin",
      "group": "toplevel",
      "priority": 5
    },
    {
      "attr_path": "oh-my-posh",
      "broken": false,
      "derivation": "/nix/store/yl1g73phacg9m96kxjdblfdjcz2mk5xz-oh-my-posh-29.14.0.drv",
      "description": "Prompt theme engine for any shell",
      "install_id": "oh-my-posh",
      "license": "MIT",
      "locked_url": "https://github.com/flox/nixpkgs?rev=64c08a7ca051951c8eae34e3e3cb1e202fe36786",
      "name": "oh-my-posh-29.14.0",
      "pname": "oh-my-posh",
      "rev": "64c08a7ca051951c8eae34e3e3cb1e202fe36786",
      "rev_count": 1004030,
      "rev_date": "2026-05-23T18:24:25Z",
      "scrape_date": "2026-05-26T08:33:38.003475Z",
      "stabilities": [
        "staging",
        "unstable"
      ],
      "unfree": false,
      "version": "29.14.0",
      "outputs_to_install": [
        "out"
      ],
      "outputs": {
        "out": "/nix/store/nk0f5h3fkb0p5lwmasgmlzp62b1q3xir-oh-my-posh-29.14.0"
      },
      "system": "x86_64-linux",
      "group": "toplevel",
      "priority": 5
    },
    {
      "attr_path": "ripgrep",
      "broken": false,
      "derivation": "/nix/store/d162870ah7rpk32264m5xh0b0xkg21qz-ripgrep-15.1.0.drv",
      "description": "Utility that combines the usability of The Silver Searcher with the raw speed of grep",
      "install_id": "ripgrep",
      "license": "[ Unlicense, MIT ]",
      "locked_url": "https://github.com/flox/nixpkgs?rev=64c08a7ca051951c8eae34e3e3cb1e202fe36786",
      "name": "ripgrep-15.1.0",
      "pname": "ripgrep",
      "rev": "64c08a7ca051951c8eae34e3e3cb1e202fe36786",
      "rev_count": 1004030,
      "rev_date": "2026-05-23T18:24:25Z",
      "scrape_date": "2026-05-26T07:07:31.254104Z",
      "stabilities": [
        "staging",
        "unstable"
      ],
      "unfree": false,
      "version": "15.1.0",
      "outputs_to_install": [
        "out"
      ],
      "outputs": {
        "out": "/nix/store/8k3a39k5wxvch0ir2lb1pskvwing02lq-ripgrep-15.1.0"
      },
      "system": "aarch64-darwin",
      "group": "toplevel",
      "priority": 5
    },
    {
      "attr_path": "ripgrep",
      "broken": false,
      "derivation": "/nix/store/kyg5522bnylrx24015biv9as0fhjydp2-ripgrep-15.1.0.drv",
      "description": "Utility that combines the usability of The Silver Searcher with the raw speed of grep",
      "install_id": "ripgrep",
      "license": "[ Unlicense, MIT ]",
      "locked_url": "https://github.com/flox/nixpkgs?rev=64c08a7ca051951c8eae34e3e3cb1e202fe36786",
      "name": "ripgrep-15.1.0",
      "pname": "ripgrep",
      "rev": "64c08a7ca051951c8eae34e3e3cb1e202fe36786",
      "rev_count": 1004030,
      "rev_date": "2026-05-23T18:24:25Z",
      "scrape_date": "2026-05-26T07:36:30.141498Z",
      "stabilities": [
        "staging",
        "unstable"
      ],
      "unfree": false,
      "version": "15.1.0",
      "outputs_to_install": [
        "out"
      ],
      "outputs": {
        "out": "/nix/store/ayxgmx0yf8mjfym3jprkkrjql1hyh8wy-ripgrep-15.1.0"
      },
      "system": "aarch64-linux",
      "group": "toplevel",
      "priority": 5
    },
    {
      "attr_path": "ripgrep",
      "broken": false,
      "derivation": "/nix/store/aak5hgpiacl1h3kl6zqdcvrvjz5iklmx-ripgrep-15.1.0.drv",
      "description": "Utility that combines the usability of The Silver Searcher with the raw speed of grep",
      "install_id": "ripgrep",
      "license": "[ Unlicense, MIT ]",
      "locked_url": "https://github.com/flox/nixpkgs?rev=64c08a7ca051951c8eae34e3e3cb1e202fe36786",
      "name": "ripgrep-15.1.0",
      "pname": "ripgrep",
      "rev": "64c08a7ca051951c8eae34e3e3cb1e202fe36786",
      "rev_count": 1004030,
      "rev_date": "2026-05-23T18:24:25Z",
      "scrape_date": "2026-05-26T08:03:39.742908Z",
      "stabilities": [
        "staging",
        "unstable"
      ],
      "unfree": false,
      "version": "15.1.0",
      "outputs_to_install": [
        "out"
      ],
      "outputs": {
        "out": "/nix/store/ra0dsj16fbhgkymvpa84wvhbqdvw7lq7-ripgrep-15.1.0"
      },
      "system": "x86_64-darwin",
      "group": "toplevel",
      "priority": 5
    },
    {
      "attr_path": "ripgrep",
      "broken": false,
      "derivation": "/nix/store/9j4lgb7xfazvlxy7qrsc39lflnk23zca-ripgrep-15.1.0.drv",
      "description": "Utility that combines the usability of The Silver Searcher with the raw speed of grep",
      "install_id": "ripgrep",
      "license": "[ Unlicense, MIT ]",
      "locked_url": "https://github.com/flox/nixpkgs?rev=64c08a7ca051951c8eae34e3e3cb1e202fe36786",
      "name": "ripgrep-15.1.0",
      "pname": "ripgrep",
      "rev": "64c08a7ca051951c8eae34e3e3cb1e202fe36786",
      "rev_count": 1004030,
      "rev_date": "2026-05-23T18:24:25Z",
      "scrape_date": "2026-05-26T08:34:54.409829Z",
      "stabilities": [
        "staging",
        "unstable"
      ],
      "unfree": false,
      "version": "15.1.0",
      "outputs_to_install": [
        "out"
      ],
      "outputs": {
        "out": "/nix/store/ixsp81bia5w1fqd2d59vwbcfqk3n5231-ripgrep-15.1.0"
      },
      "system": "x86_64-linux",
      "group": "toplevel",
      "priority": 5
    },
    {
      "attr_path": "tig",
      "broken": false,
      "derivation": "/nix/store/yn0ajjnyw9xz65sgk0w1fm77hzjrs9i4-tig-2.6.0.drv",
      "description": "Text-mode interface for git",
      "install_id": "tig",
      "license": "GPL-2.0-or-later",
      "locked_url": "https://github.com/flox/nixpkgs?rev=64c08a7ca051951c8eae34e3e3cb1e202fe36786",
      "name": "tig-2.6.0",
      "pname": "tig",
      "rev": "64c08a7ca051951c8eae34e3e3cb1e202fe36786",
      "rev_count": 1004030,
      "rev_date": "2026-05-23T18:24:25Z",
      "scrape_date": "2026-05-26T07:08:15.017551Z",
      "stabilities": [
        "staging",
        "unstable"
      ],
      "unfree": false,
      "version": "2.6.0",
      "outputs_to_install": [
        "man",
        "out"
      ],
      "outputs": {
        "doc": "/nix/store/zqlrbqnx9y94z3icmijralsp68178np7-tig-2.6.0-doc",
        "man": "/nix/store/svgzxngy38ky5rwr8hirfnr65i5bkx7l-tig-2.6.0-man",
        "out": "/nix/store/mgkky4lsv2z3mdiy1vxnbwfs7rd2idlx-tig-2.6.0"
      },
      "system": "aarch64-darwin",
      "group": "toplevel",
      "priority": 5
    },
    {
      "attr_path": "tig",
      "broken": false,
      "derivation": "/nix/store/lrrr5s7vmwxv547f70mhl82rq36zksmp-tig-2.6.0.drv",
      "description": "Text-mode interface for git",
      "install_id": "tig",
      "license": "GPL-2.0-or-later",
      "locked_url": "https://github.com/flox/nixpkgs?rev=64c08a7ca051951c8eae34e3e3cb1e202fe36786",
      "name": "tig-2.6.0",
      "pname": "tig",
      "rev": "64c08a7ca051951c8eae34e3e3cb1e202fe36786",
      "rev_count": 1004030,
      "rev_date": "2026-05-23T18:24:25Z",
      "scrape_date": "2026-05-26T07:37:31.510854Z",
      "stabilities": [
        "staging",
        "unstable"
      ],
      "unfree": false,
      "version": "2.6.0",
      "outputs_to_install": [
        "man",
        "out"
      ],
      "outputs": {
        "doc": "/nix/store/s9z5k69l5yx1567pmn8a9ibklgpbjnni-tig-2.6.0-doc",
        "man": "/nix/store/pprh58jl3zpz7l4lng8bswlldv4xz31l-tig-2.6.0-man",
        "out": "/nix/store/aanmgc10hz7jdk5x0hq15f5fr8bpyfz9-tig-2.6.0"
      },
      "system": "aarch64-linux",
      "group": "toplevel",
      "priority": 5
    },
    {
      "attr_path": "tig",
      "broken": false,
      "derivation": "/nix/store/aq08scg5pnmnxj2faylvj2ylxw08a33z-tig-2.6.0.drv",
      "description": "Text-mode interface for git",
      "install_id": "tig",
      "license": "GPL-2.0-or-later",
      "locked_url": "https://github.com/flox/nixpkgs?rev=64c08a7ca051951c8eae34e3e3cb1e202fe36786",
      "name": "tig-2.6.0",
      "pname": "tig",
      "rev": "64c08a7ca051951c8eae34e3e3cb1e202fe36786",
      "rev_count": 1004030,
      "rev_date": "2026-05-23T18:24:25Z",
      "scrape_date": "2026-05-26T08:04:23.797112Z",
      "stabilities": [
        "staging",
        "unstable"
      ],
      "unfree": false,
      "version": "2.6.0",
      "outputs_to_install": [
        "man",
        "out"
      ],
      "outputs": {
        "doc": "/nix/store/qd7nkqbzqpbwgmk2km415gnl45x69fyg-tig-2.6.0-doc",
        "man": "/nix/store/yza1q7kp8q13plv5h4c40v5ar9wc1575-tig-2.6.0-man",
        "out": "/nix/store/4b0yaqdcgvpc88pnlc6lhg27by7hh7dn-tig-2.6.0"
      },
      "system": "x86_64-darwin",
      "group": "toplevel",
      "priority": 5
    },
    {
      "attr_path": "tig",
      "broken": false,
      "derivation": "/nix/store/zxrhnmrbx2apqdj3355nmcnd9f7vz3fb-tig-2.6.0.drv",
      "description": "Text-mode interface for git",
      "install_id": "tig",
      "license": "GPL-2.0-or-later",
      "locked_url": "https://github.com/flox/nixpkgs?rev=64c08a7ca051951c8eae34e3e3cb1e202fe36786",
      "name": "tig-2.6.0",
      "pname": "tig",
      "rev": "64c08a7ca051951c8eae34e3e3cb1e202fe36786",
      "rev_count": 1004030,
      "rev_date": "2026-05-23T18:24:25Z",
      "scrape_date": "2026-05-26T08:35:54.137570Z",
      "stabilities": [
        "staging",
        "unstable"
      ],
      "unfree": false,
      "version": "2.6.0",
      "outputs_to_install": [
        "man",
        "out"
      ],
      "outputs": {
        "doc": "/nix/store/x7hjv1f18cc38hfg1p8jwgixfnxawbcs-tig-2.6.0-doc",
        "man": "/nix/store/1mh3rqkjl28ac60f35fjiprswiin177j-tig-2.6.0-man",
        "out": "/nix/store/8ryy8aq784622jiw45hjpg2bf59ab5wf-tig-2.6.0"
      },
      "system": "x86_64-linux",
      "group": "toplevel",
      "priority": 5
    },
    {
      "attr_path": "tmux",
      "broken": false,
      "derivation": "/nix/store/y06sl84v6d7smf3w3yqnmaj269j7a3ni-tmux-3.6a.drv",
      "description": "Terminal multiplexer",
      "install_id": "tmux",
      "license": "BSD-3-Clause",
      "locked_url": "https://github.com/flox/nixpkgs?rev=64c08a7ca051951c8eae34e3e3cb1e202fe36786",
      "name": "tmux-3.6a",
      "pname": "tmux",
      "rev": "64c08a7ca051951c8eae34e3e3cb1e202fe36786",
      "rev_count": 1004030,
      "rev_date": "2026-05-23T18:24:25Z",
      "scrape_date": "2026-05-26T07:08:15.371390Z",
      "stabilities": [
        "staging",
        "unstable"
      ],
      "unfree": false,
      "version": "3.6a",
      "outputs_to_install": [
        "man",
        "out"
      ],
      "outputs": {
        "man": "/nix/store/y3akz757lzh83hnwgykv5b31qj1n0c4w-tmux-3.6a-man",
        "out": "/nix/store/p3z690gqhxrn5bpsypaf4j4ghvk7wg4z-tmux-3.6a"
      },
      "system": "aarch64-darwin",
      "group": "toplevel",
      "priority": 5
    },
    {
      "attr_path": "tmux",
      "broken": false,
      "derivation": "/nix/store/qfahcp090p35li4cqwcf9gajyfngjbc9-tmux-3.6a.drv",
      "description": "Terminal multiplexer",
      "install_id": "tmux",
      "license": "BSD-3-Clause",
      "locked_url": "https://github.com/flox/nixpkgs?rev=64c08a7ca051951c8eae34e3e3cb1e202fe36786",
      "name": "tmux-3.6a",
      "pname": "tmux",
      "rev": "64c08a7ca051951c8eae34e3e3cb1e202fe36786",
      "rev_count": 1004030,
      "rev_date": "2026-05-23T18:24:25Z",
      "scrape_date": "2026-05-26T07:37:32.088923Z",
      "stabilities": [
        "staging",
        "unstable"
      ],
      "unfree": false,
      "version": "3.6a",
      "outputs_to_install": [
        "man",
        "out"
      ],
      "outputs": {
        "man": "/nix/store/zsaj7h5k9f60k9y0wzbjgigvn84mjbv3-tmux-3.6a-man",
        "out": "/nix/store/rixp4b43bpr3kbgma9jbvplvi9lwx0la-tmux-3.6a"
      },
      "system": "aarch64-linux",
      "group": "toplevel",
      "priority": 5
    },
    {
      "attr_path": "tmux",
      "broken": false,
      "derivation": "/nix/store/63xd0wbslhryigrfm9nrmq841m01w1r4-tmux-3.6a.drv",
      "description": "Terminal multiplexer",
      "install_id": "tmux",
      "license": "BSD-3-Clause",
      "locked_url": "https://github.com/flox/nixpkgs?rev=64c08a7ca051951c8eae34e3e3cb1e202fe36786",
      "name": "tmux-3.6a",
      "pname": "tmux",
      "rev": "64c08a7ca051951c8eae34e3e3cb1e202fe36786",
      "rev_count": 1004030,
      "rev_date": "2026-05-23T18:24:25Z",
      "scrape_date": "2026-05-26T08:04:24.156128Z",
      "stabilities": [
        "staging",
        "unstable"
      ],
      "unfree": false,
      "version": "3.6a",
      "outputs_to_install": [
        "man",
        "out"
      ],
      "outputs": {
        "man": "/nix/store/m2q247glyq2iv018gfqlr9ynbxi3lnj7-tmux-3.6a-man",
        "out": "/nix/store/nr2gnqg4zwdy3q5kzzxs8f4a82qfh8i0-tmux-3.6a"
      },
      "system": "x86_64-darwin",
      "group": "toplevel",
      "priority": 5
    },
    {
      "attr_path": "tmux",
      "broken": false,
      "derivation": "/nix/store/5f6yk22idj2hpcrp76691zhqg3pf4cnc-tmux-3.6a.drv",
      "description": "Terminal multiplexer",
      "install_id": "tmux",
      "license": "BSD-3-Clause",
      "locked_url": "https://github.com/flox/nixpkgs?rev=64c08a7ca051951c8eae34e3e3cb1e202fe36786",
      "name": "tmux-3.6a",
      "pname": "tmux",
      "rev": "64c08a7ca051951c8eae34e3e3cb1e202fe36786",
      "rev_count": 1004030,
      "rev_date": "2026-05-23T18:24:25Z",
      "scrape_date": "2026-05-26T08:35:54.733818Z",
      "stabilities": [
        "staging",
        "unstable"
      ],
      "unfree": false,
      "version": "3.6a",
      "outputs_to_install": [
        "man",
        "out"
      ],
      "outputs": {
        "man": "/nix/store/2wj5f8mjg8x2md3hr5zlrv1jc6vc1134-tmux-3.6a-man",
        "out": "/nix/store/ajvll7kw423j98gc0hry86bgic4lanl5-tmux-3.6a"
      },
      "system": "x86_64-linux",
      "group": "toplevel",
      "priority": 5
    },
    {
      "attr_path": "zoxide",
      "broken": false,
      "derivation": "/nix/store/92bjmvmh1j4jbharfag4cfsibpkr98nm-zoxide-0.9.9.drv",
      "description": "Fast cd command that learns your habits",
      "install_id": "zoxide",
      "license": "[ MIT ]",
      "locked_url": "https://github.com/flox/nixpkgs?rev=64c08a7ca051951c8eae34e3e3cb1e202fe36786",
      "name": "zoxide-0.9.9",
      "pname": "zoxide",
      "rev": "64c08a7ca051951c8eae34e3e3cb1e202fe36786",
      "rev_count": 1004030,
      "rev_date": "2026-05-23T18:24:25Z",
      "scrape_date": "2026-05-26T07:08:51.971771Z",
      "stabilities": [
        "staging",
        "unstable"
      ],
      "unfree": false,
      "version": "0.9.9",
      "outputs_to_install": [
        "out"
      ],
      "outputs": {
        "out": "/nix/store/4g3ls5mr7bsihg2dsz1khjzg5j4bm8yi-zoxide-0.9.9"
      },
      "system": "aarch64-darwin",
      "group": "toplevel",
      "priority": 5
    },
    {
      "attr_path": "zoxide",
      "broken": false,
      "derivation": "/nix/store/vly40ii768mwqsd2wdlb8dcw8i53nla0-zoxide-0.9.9.drv",
      "description": "Fast cd command that learns your habits",
      "install_id": "zoxide",
      "license": "[ MIT ]",
      "locked_url": "https://github.com/flox/nixpkgs?rev=64c08a7ca051951c8eae34e3e3cb1e202fe36786",
      "name": "zoxide-0.9.9",
      "pname": "zoxide",
      "rev": "64c08a7ca051951c8eae34e3e3cb1e202fe36786",
      "rev_count": 1004030,
      "rev_date": "2026-05-23T18:24:25Z",
      "scrape_date": "2026-05-26T07:38:22.007848Z",
      "stabilities": [
        "staging",
        "unstable"
      ],
      "unfree": false,
      "version": "0.9.9",
      "outputs_to_install": [
        "out"
      ],
      "outputs": {
        "out": "/nix/store/xg6rmbfcg1nman2psy7rsxmjfcwdcfl3-zoxide-0.9.9"
      },
      "system": "aarch64-linux",
      "group": "toplevel",
      "priority": 5
    },
    {
      "attr_path": "zoxide",
      "broken": false,
      "derivation": "/nix/store/7kw2fgdvim139ij08ara2lw548x47xng-zoxide-0.9.9.drv",
      "description": "Fast cd command that learns your habits",
      "install_id": "zoxide",
      "license": "[ MIT ]",
      "locked_url": "https://github.com/flox/nixpkgs?rev=64c08a7ca051951c8eae34e3e3cb1e202fe36786",
      "name": "zoxide-0.9.9",
      "pname": "zoxide",
      "rev": "64c08a7ca051951c8eae34e3e3cb1e202fe36786",
      "rev_count": 1004030,
      "rev_date": "2026-05-23T18:24:25Z",
      "scrape_date": "2026-05-26T08:05:01.189135Z",
      "stabilities": [
        "staging",
        "unstable"
      ],
      "unfree": false,
      "version": "0.9.9",
      "outputs_to_install": [
        "out"
      ],
      "outputs": {
        "out": "/nix/store/qnb8d85niiz0ibjrrfm4bilnfi9yxrrl-zoxide-0.9.9"
      },
      "system": "x86_64-darwin",
      "group": "toplevel",
      "priority": 5
    },
    {
      "attr_path": "zoxide",
      "broken": false,
      "derivation": "/nix/store/8l2mb2mlnsh08hlx313vqb6farqlc6gx-zoxide-0.9.9.drv",
      "description": "Fast cd command that learns your habits",
      "install_id": "zoxide",
      "license": "[ MIT ]",
      "locked_url": "https://github.com/flox/nixpkgs?rev=64c08a7ca051951c8eae34e3e3cb1e202fe36786",
      "name": "zoxide-0.9.9",
      "pname": "zoxide",
      "rev": "64c08a7ca051951c8eae34e3e3cb1e202fe36786",
      "rev_count": 1004030,
      "rev_date": "2026-05-23T18:24:25Z",
      "scrape_date": "2026-05-26T08:36:42.949196Z",
      "stabilities": [
        "staging",
        "unstable"
      ],
      "unfree": false,
      "version": "0.9.9",
      "outputs_to_install": [
        "out"
      ],
      "outputs": {
        "out": "/nix/store/zbpzigma1995av8v7qsy4w6gg1alijya-zoxide-0.9.9"
      },
      "system": "x86_64-linux",
      "group": "toplevel",
      "priority": 5
    }
  ]
}
